{
  "name": "strudel-studies",
  "lockfileVersion": 2,
  "requires": true,
  "packages": {
    "": {
      "dependencies": {
        "@strudel.cycles/core": "^0.1.2"
      }
    },
    "node_modules/@strudel.cycles/core": {
      "version": "0.1.2",
      "resolved": "https://registry.npmjs.org/@strudel.cycles/core/-/core-0.1.2.tgz",
      "integrity": "sha512-PdN8NO7lTySuEuPce/fPo6Npl0zAnw7VuvJcmn5qbkKlkgf/cJ+h2+BRvmsvwzv9rOSoc+y1Ioek/00JDlfG9w==",
      "dependencies": {
        "bjork": "^0.0.1",
        "fraction.js": "^4.2.0"
      }
    },
    "node_modules/bjork": {
      "version": "0.0.1",
      "resolved": "https://registry.npmjs.org/bjork/-/bjork-0.0.1.tgz",
      "integrity": "sha512-IAq1k24hAwuACo82E0NobWh44z2heG4VM0C6c4MxLCDx54Tt4s4tjT8M+0ON4pfXzH2V5Br1tfhhnb19oiMp2w=="
    },
    "node_modules/fraction.js": {
      "version": "4.2.0",
      "resolved": "https://registry.npmjs.org/fraction.js/-/fraction.js-4.2.0.tgz",
      "integrity": "sha512-MhLuK+2gUcnZe8ZHlaaINnQLl0xRIGRfcGk2yl8xoQAfHrSsL3rYu6FCmBdkdbhc9EPlwyGHewaRsvwRMJtAlA==",
      "engines": {
        "node": "*"
      },
      "funding": {
        "type": "patreon",
        "url": "https://www.patreon.com/infusion"
      }
    }
  },
  "dependencies": {
    "@strudel.cycles/core": {
      "version": "0.1.2",
      "resolved": "https://registry.npmjs.org/@strudel.cycles/core/-/core-0.1.2.tgz",
      "integrity": "sha512-PdN8NO7lTySuEuPce/fPo6Npl0zAnw7VuvJcmn5qbkKlkgf/cJ+h2+BRvmsvwzv9rOSoc+y1Ioek/00JDlfG9w==",
      "requires": {
        "bjork": "^0.0.1",
        "fraction.js": "^4.2.0"
      }
    },
    "bjork": {
      "version": "0.0.1",
      "resolved": "https://registry.npmjs.org/bjork/-/bjork-0.0.1.tgz",
      "integrity": "sha512-IAq1k24hAwuACo82E0NobWh44z2heG4VM0C6c4MxLCDx54Tt4s4tjT8M+0ON4pfXzH2V5Br1tfhhnb19oiMp2w=="
    },
    "fraction.js": {
      "version": "4.2.0",
      "resolved": "https://registry.npmjs.org/fraction.js/-/fraction.js-4.2.0.tgz",
      "integrity": "sha512-MhLuK+2gUcnZe8ZHlaaINnQLl0xRIGRfcGk2yl8xoQAfHrSsL3rYu6FCmBdkdbhc9EPlwyGHewaRsvwRMJtAlA=="
    }
  }
}
